// !$*UTF8*$!
{
	archiveVersion = 1;
	classes = {
	};
	objectVersion = 77;
	objects = {

/* Begin PBXBuildFile section */
		6FE98CB72E347A550097F0F8 /* StoreKit.framework in Frameworks */ = {isa = PBXBuildFile; fileRef = 6FE98CB62E347A550097F0F8 /* StoreKit.framework */; };
		6FE98CDC2E3B1D750097F0F8 /* FirebaseAuth in Frameworks */ = {isa = PBXBuildFile; productRef = 6FE98CDB2E3B1D750097F0F8 /* FirebaseAuth */; };
		6FE98CDE2E3B1D750097F0F8 /* FirebaseFirestore in Frameworks */ = {isa = PBXBuildFile; productRef = 6FE98CDD2E3B1D750097F0F8 /* FirebaseFirestore */; };
/* End PBXBuildFile section */

/* Begin PBXContainerItemProxy section */
		6FE98C512E33278B0097F0F8 /* PBXContainerItemProxy */ = {
			isa = PBXContainerItemProxy;
			containerPortal = 6FE98C3B2E33278A0097F0F8 /* Project object */;
			proxyType = 1;
			remoteGlobalIDString = 6FE98C422E33278A0097F0F8;
			remoteInfo = TheEqualizer;
		};
		6FE98C5B2E33278B0097F0F8 /* PBXContainerItemProxy */ = {
			isa = PBXContainerItemProxy;
			containerPortal = 6FE98C3B2E33278A0097F0F8 /* Project object */;
			proxyType = 1;
			remoteGlobalIDString = 6FE98C422E33278A0097F0F8;
			remoteInfo = TheEqualizer;
		};
/* End PBXContainerItemProxy section */

/* Begin PBXFileReference section */
		6FE98C432E33278A0097F0F8 /* TheEqualizer.app */ = {isa = PBXFileReference; explicitFileType = wrapper.application; includeInIndex = 0; path = TheEqualizer.app; sourceTree = BUILT_PRODUCTS_DIR; };
		6FE98C502E33278B0097F0F8 /* TheEqualizerTests.xctest */ = {isa = PBXFileReference; explicitFileType = wrapper.cfbundle; includeInIndex = 0; path = TheEqualizerTests.xctest; sourceTree = BUILT_PRODUCTS_DIR; };
		6FE98C5A2E33278B0097F0F8 /* TheEqualizerUITests.xctest */ = {isa = PBXFileReference; explicitFileType = wrapper.cfbundle; includeInIndex = 0; path = TheEqualizerUITests.xctest; sourceTree = BUILT_PRODUCTS_DIR; };
		6FE98CB62E347A550097F0F8 /* StoreKit.framework */ = {isa = PBXFileReference; lastKnownFileType = wrapper.framework; name = StoreKit.framework; path = System/Library/Frameworks/StoreKit.framework; sourceTree = SDKROOT; };
/* End PBXFileReference section */

/* Begin PBXFileSystemSynchronizedRootGroup section */
		6FE98C452E33278A0097F0F8 /* TheEqualizer */ = {
			isa = PBXFileSystemSynchronizedRootGroup;
			path = TheEqualizer;
			sourceTree = "<group>";
		};
		6FE98C532E33278B0097F0F8 /* TheEqualizerTests */ = {
			isa = PBXFileSystemSynchronizedRootGroup;
			path = TheEqualizerTests;
			sourceTree = "<group>";
		};
		6FE98C5D2E33278B0097F0F8 /* TheEqualizerUITests */ = {
			isa = PBXFileSystemSynchronizedRootGroup;
			path = TheEqualizerUITests;
			sourceTree = "<group>";
		};
/* End PBXFileSystemSynchronizedRootGroup section */

/* Begin PBXFrameworksBuildPhase section */
		6FE98C402E33278A0097F0F8 /* Frameworks */ = {
			isa = PBXFrameworksBuildPhase;
			buildActionMask = 2147483647;
			files = (
				6FE98CB72E347A550097F0F8 /* StoreKit.framework in Frameworks */,
				6FE98CDC2E3B1D750097F0F8 /* FirebaseAuth in Frameworks */,
				6FE98CDE2E3B1D750097F0F8 /* FirebaseFirestore in Frameworks */,
			);
			runOnlyForDeploymentPostprocessing = 0;
		};
		6FE98C4D2E33278B0097F0F8 /* Frameworks */ = {
			isa = PBXFrameworksBuildPhase;
			buildActionMask = 2147483647;
			files = (
			);
			runOnlyForDeploymentPostprocessing = 0;
		};
		6FE98C572E33278B0097F0F8 /* Frameworks */ = {
			isa = PBXFrameworksBuildPhase;
			buildActionMask = 2147483647;
			files = (
			);
			runOnlyForDeploymentPostprocessing = 0;
		};
/* End PBXFrameworksBuildPhase section */

/* Begin PBXGroup section */
		6FE98C3A2E33278A0097F0F8 = {
			isa = PBXGroup;
			children = (
				6FE98C452E33278A0097F0F8 /* TheEqualizer */,
				6FE98C532E33278B0097F0F8 /* TheEqualizerTests */,
				6FE98C5D2E33278B0097F0F8 /* TheEqualizerUITests */,
				6FE98CB52E347A550097F0F8 /* Frameworks */,
				6FE98C442E33278A0097F0F8 /* Products */,
			);
			sourceTree = "<group>";
		};
		6FE98C442E33278A0097F0F8 /* Products */ = {
			isa = PBXGroup;
			children = (
				6FE98C432E33278A0097F0F8 /* TheEqualizer.app */,
				6FE98C502E33278B0097F0F8 /* TheEqualizerTests.xctest */,
				6FE98C5A2E33278B0097F0F8 /* TheEqualizerUITests.xctest */,
			);
			name = Products;
			sourceTree = "<group>";
		};
		6FE98CB52E347A550097F0F8 /* Frameworks */ = {
			isa = PBXGroup;
			children = (
				6FE98CB62E347A550097F0F8 /* StoreKit.framework */,
			);
			name = Frameworks;
			sourceTree = "<group>";
		};
/* End PBXGroup section */

/* Begin PBXNativeTarget section */
		6FE98C422E33278A0097F0F8 /* TheEqualizer */ = {
			isa = PBXNativeTarget;
			buildConfigurationList = 6FE98C642E33278B0097F0F8 /* Build configuration list for PBXNativeTarget "TheEqualizer" */;
			buildPhases = (
				6FE98C3F2E33278A0097F0F8 /* Sources */,
				6FE98C402E33278A0097F0F8 /* Frameworks */,
				6FE98C412E33278A0097F0F8 /* Resources */,
			);
			buildRules = (
			);
			dependencies = (
			);
			fileSystemSynchronizedGroups = (
				6FE98C452E33278A0097F0F8 /* TheEqualizer */,
			);
			name = TheEqualizer;
			packageProductDependencies = (
				6FE98CDB2E3B1D750097F0F8 /* FirebaseAuth */,
				6FE98CDD2E3B1D750097F0F8 /* FirebaseFirestore */,
			);
			productName = TheEqualizer;
			productReference = 6FE98C432E33278A0097F0F8 /* TheEqualizer.app */;
			productType = "com.apple.product-type.application";
		};
		6FE98C4F2E33278B0097F0F8 /* TheEqualizerTests */ = {
			isa = PBXNativeTarget;
			buildConfigurationList = 6FE98C672E33278B0097F0F8 /* Build configuration list for PBXNativeTarget "TheEqualizerTests" */;
			buildPhases = (
				6FE98C4C2E33278B0097F0F8 /* Sources */,
				6FE98C4D2E33278B0097F0F8 /* Frameworks */,
				6FE98C4E2E33278B0097F0F8 /* Resources */,
			);
			buildRules = (
			);
			dependencies = (
				6FE98C522E33278B0097F0F8 /* PBXTargetDependency */,
			);
			fileSystemSynchronizedGroups = (
				6FE98C532E33278B0097F0F8 /* TheEqualizerTests */,
			);
			name = TheEqualizerTests;
			packageProductDependencies = (
			);
			productName = TheEqualizerTests;
			productReference = 6FE98C502E33278B0097F0F8 /* TheEqualizerTests.xctest */;
			productType = "com.apple.product-type.bundle.unit-test";
		};
		6FE98C592E33278B0097F0F8 /* TheEqualizerUITests */ = {
			isa = PBXNativeTarget;
			buildConfigurationList = 6FE98C6A2E33278B0097F0F8 /* Build configuration list for PBXNativeTarget "TheEqualizerUITests" */;
			buildPhases = (
				6FE98C562E33278B0097F0F8 /* Sources */,
				6FE98C572E33278B0097F0F8 /* Frameworks */,
				6FE98C582E33278B0097F0F8 /* Resources */,
			);
			buildRules = (
			);
			dependencies = (
				6FE98C5C2E33278B0097F0F8 /* PBXTargetDependency */,
			);
			fileSystemSynchronizedGroups = (
				6FE98C5D2E33278B0097F0F8 /* TheEqualizerUITests */,
			);
			name = TheEqualizerUITests;
			packageProductDependencies = (
			);
			productName = TheEqualizerUITests;
			productReference = 6FE98C5A2E33278B0097F0F8 /* TheEqualizerUITests.xctest */;
			productType = "com.apple.product-type.bundle.ui-testing";
		};
/* End PBXNativeTarget section */

/* Begin PBXProject section */
		6FE98C3B2E33278A0097F0F8 /* Project object */ = {
			isa = PBXProject;
			attributes = {
				BuildIndependentTargetsInParallel = 1;
				LastSwiftUpdateCheck = 1640;
				LastUpgradeCheck = 2610;
				TargetAttributes = {
					6FE98C422E33278A0097F0F8 = {
						CreatedOnToolsVersion = 16.4;
						LastSwiftMigration = 1640;
					};
					6FE98C4F2E33278B0097F0F8 = {
						CreatedOnToolsVersion = 16.4;
						TestTargetID = 6FE98C422E33278A0097F0F8;
					};
					6FE98C592E33278B0097F0F8 = {
						CreatedOnToolsVersion = 16.4;
						TestTargetID = 6FE98C422E33278A0097F0F8;
					};
				};
			};
			buildConfigurationList = 6FE98C3E2E33278A0097F0F8 /* Build configuration list for PBXProject "TheEqualizer" */;
			developmentRegion = en;
			hasScannedForEncodings = 0;
			knownRegions = (
				en,
				Base,
			);
			mainGroup = 6FE98C3A2E33278A0097F0F8;
			minimizedProjectReferenceProxies = 1;
			packageReferences = (
				6FE98CDA2E3B1D750097F0F8 /* XCRemoteSwiftPackageReference "firebase-ios-sdk" */,
			);
			preferredProjectObjectVersion = 77;
			productRefGroup = 6FE98C442E33278A0097F0F8 /* Products */;
			projectDirPath = "";
			projectRoot = "";
			targets = (
				6FE98C422E33278A0097F0F8 /* TheEqualizer */,
				6FE98C4F2E33278B0097F0F8 /* TheEqualizerTests */,
				6FE98C592E33278B0097F0F8 /* TheEqualizerUITests */,
			);
		};
/* End PBXProject section */

/* Begin PBXResourcesBuildPhase section */
		6FE98C412E33278A0097F0F8 /* Resources */ = {
			isa = PBXResourcesBuildPhase;
			buildActionMask = 2147483647;
			files = (
			);
			runOnlyForDeploymentPostprocessing = 0;
		};
		6FE98C4E2E33278B0097F0F8 /* Resources */ = {
			isa = PBXResourcesBuildPhase;
			buildActionMask = 2147483647;
			files = (
			);
			runOnlyForDeploymentPostprocessing = 0;
		};
		6FE98C582E33278B0097F0F8 /* Resources */ = {
			isa = PBXResourcesBuildPhase;
			buildActionMask = 2147483647;
			files = (
			);
			runOnlyForDeploymentPostprocessing = 0;
		};
/* End PBXResourcesBuildPhase section */

/* Begin PBXSourcesBuildPhase section */
		6FE98C3F2E33278A0097F0F8 /* Sources */ = {
			isa = PBXSourcesBuildPhase;
			buildActionMask = 2147483647;
			files = (
			);
			runOnlyForDeploymentPostprocessing = 0;
		};
		6FE98C4C2E33278B0097F0F8 /* Sources */ = {
			isa = PBXSourcesBuildPhase;
			buildActionMask = 2147483647;
			files = (
			);
			runOnlyForDeploymentPostprocessing = 0;
		};
		6FE98C562E33278B0097F0F8 /* Sources */ = {
			isa = PBXSourcesBuildPhase;
			buildActionMask = 2147483647;
			files = (
			);
			runOnlyForDeploymentPostprocessing = 0;
		};
/* End PBXSourcesBuildPhase section */

/* Begin PBXTargetDependency section */
		6FE98C522E33278B0097F0F8 /* PBXTargetDependency */ = {
			isa = PBXTargetDependency;
			target = 6FE98C422E33278A0097F0F8 /* TheEqualizer */;
			targetProxy = 6FE98C512E33278B0097F0F8 /* PBXContainerItemProxy */;
		};
		6FE98C5C2E33278B0097F0F8 /* PBXTargetDependency */ = {
			isa = PBXTargetDependency;
			target = 6FE98C422E33278A0097F0F8 /* TheEqualizer */;
			targetProxy = 6FE98C5B2E33278B0097F0F8 /* PBXContainerItemProxy */;
		};
/* End PBXTargetDependency section */

/* Begin XCBuildConfiguration section */
		6FE98C622E33278B0097F0F8 /* Debug */ = {
			isa = XCBuildConfiguration;
			buildSettings = {
				ALWAYS_SEARCH_USER_PATHS = NO;
				ASSETCATALOG_COMPILER_GENERATE_SWIFT_ASSET_SYMBOL_EXTENSIONS = YES;
				CLANG_ANALYZER_NONNULL = YES;
				CLANG_ANALYZER_NUMBER_OBJECT_CONVERSION = YES_AGGRESSIVE;
				CLANG_CXX_LANGUAGE_STANDARD = "gnu++20";
				CLANG_ENABLE_MODULES = YES;
				CLANG_ENABLE_OBJC_ARC = YES;
				CLANG_ENABLE_OBJC_WEAK = YES;
				CLANG_WARN_BLOCK_CAPTURE_AUTORELEASING = YES;
				CLANG_WARN_BOOL_CONVERSION = YES;
				CLANG_WARN_COMMA = YES;
				CLANG_WARN_CONSTANT_CONVERSION = YES;
				CLANG_WARN_DEPRECATED_OBJC_IMPLEMENTATIONS = YES;
				CLANG_WARN_DIRECT_OBJC_ISA_USAGE = YES_ERROR;
				CLANG_WARN_DOCUMENTATION_COMMENTS = YES;
				CLANG_WARN_EMPTY_BODY = YES;
				CLANG_WARN_ENUM_CONVERSION = YES;
				CLANG_WARN_INFINITE_RECURSION = YES;
				CLANG_WARN_INT_CONVERSION = YES;
				CLANG_WARN_NON_LITERAL_NULL_CONVERSION = YES;
				CLANG_WARN_OBJC_IMPLICIT_RETAIN_SELF = YES;
				CLANG_WARN_OBJC_LITERAL_CONVERSION = YES;
				CLANG_WARN_OBJC_ROOT_CLASS = YES_ERROR;
				CLANG_WARN_QUOTED_INCLUDE_IN_FRAMEWORK_HEADER = YES;
				CLANG_WARN_RANGE_LOOP_ANALYSIS = YES;
				CLANG_WARN_STRICT_PROTOTYPES = YES;
				CLANG_WARN_SUSPICIOUS_MOVE = YES;
				CLANG_WARN_UNGUARDED_AVAILABILITY = YES_AGGRESSIVE;
				CLANG_WARN_UNREACHABLE_CODE = YES;
				CLANG_WARN__DUPLICATE_METHOD_MATCH = YES;
				COPY_PHASE_STRIP = NO;
				DEBUG_INFORMATION_FORMAT = dwarf;
				DEVELOPMENT_TEAM = 959KDL6FWJ;
				ENABLE_STRICT_OBJC_MSGSEND = YES;
				ENABLE_TESTABILITY = YES;
				ENABLE_USER_SCRIPT_SANDBOXING = YES;
				GCC_C_LANGUAGE_STANDARD = gnu17;
				GCC_DYNAMIC_NO_PIC = NO;
				GCC_NO_COMMON_BLOCKS = YES;
				GCC_OPTIMIZATION_LEVEL = 0;
				GCC_PREPROCESSOR_DEFINITIONS = (
					"DEBUG=1",
					"$(inherited)",
				);
				GCC_WARN_64_TO_32_BIT_CONVERSION = YES;
				GCC_WARN_ABOUT_RETURN_TYPE = YES_ERROR;
				GCC_WARN_UNDECLARED_SELECTOR = YES;
				GCC_WARN_UNINITIALIZED_AUTOS = YES_AGGRESSIVE;
				GCC_WARN_UNUSED_FUNCTION = YES;
				GCC_WARN_UNUSED_VARIABLE = YES;
				IPHONEOS_DEPLOYMENT_TARGET = 18.5;
				LOCALIZATION_PREFERS_STRING_CATALOGS = YES;
				MTL_ENABLE_DEBUG_INFO = INCLUDE_SOURCE;
				MTL_FAST_MATH = YES;
				ONLY_ACTIVE_ARCH = YES;
				SDKROOT = iphoneos;
				STRING_CATALOG_GENERATE_SYMBOLS = YES;
				SWIFT_ACTIVE_COMPILATION_CONDITIONS = "DEBUG $(inherited)";
				SWIFT_OPTIMIZATION_LEVEL = "-Onone";
			};
			name = Debug;
		};
		6FE98C632E33278B0097F0F8 /* Release */ = {
			isa = XCBuildConfiguration;
			buildSettings = {
				ALWAYS_SEARCH_USER_PATHS = NO;
				ASSETCATALOG_COMPILER_GENERATE_SWIFT_ASSET_SYMBOL_EXTENSIONS = YES;
				CLANG_ANALYZER_NONNULL = YES;
				CLANG_ANALYZER_NUMBER_OBJECT_CONVERSION = YES_AGGRESSIVE;
				CLANG_CXX_LANGUAGE_STANDARD = "gnu++20";
				CLANG_ENABLE_MODULES = YES;
				CLANG_ENABLE_OBJC_ARC = YES;
				CLANG_ENABLE_OBJC_WEAK = YES;
				CLANG_WARN_BLOCK_CAPTURE_AUTORELEASING = YES;
				CLANG_WARN_BOOL_CONVERSION = YES;
				CLANG_WARN_COMMA = YES;
				CLANG_WARN_CONSTANT_CONVERSION = YES;
				CLANG_WARN_DEPRECATED_OBJC_IMPLEMENTATIONS = YES;
				CLANG_WARN_DIRECT_OBJC_ISA_USAGE = YES_ERROR;
				CLANG_WARN_DOCUMENTATION_COMMENTS = YES;
				CLANG_WARN_EMPTY_BODY = YES;
				CLANG_WARN_ENUM_CONVERSION = YES;
				CLANG_WARN_INFINITE_RECURSION = YES;
				CLANG_WARN_INT_CONVERSION = YES;
				CLANG_WARN_NON_LITERAL_NULL_CONVERSION = YES;
				CLANG_WARN_OBJC_IMPLICIT_RETAIN_SELF = YES;
				CLANG_WARN_OBJC_LITERAL_CONVERSION = YES;
				CLANG_WARN_OBJC_ROOT_CLASS = YES_ERROR;
				CLANG_WARN_QUOTED_INCLUDE_IN_FRAMEWORK_HEADER = YES;
				CLANG_WARN_RANGE_LOOP_ANALYSIS = YES;
				CLANG_WARN_STRICT_PROTOTYPES = YES;
				CLANG_WARN_SUSPICIOUS_MOVE = YES;
				CLANG_WARN_UNGUARDED_AVAILABILITY = YES_AGGRESSIVE;
				CLANG_WARN_UNREACHABLE_CODE = YES;
				CLANG_WARN__DUPLICATE_METHOD_MATCH = YES;
				COPY_PHASE_STRIP = NO;
				DEBUG_INFORMATION_FORMAT = "dwarf-with-dsym";
				DEVELOPMENT_TEAM = 959KDL6FWJ;
				ENABLE_NS_ASSERTIONS = NO;
				ENABLE_STRICT_OBJC_MSGSEND = YES;
				ENABLE_USER_SCRIPT_SANDBOXING = YES;
				GCC_C_LANGUAGE_STANDARD = gnu17;
				GCC_NO_COMMON_BLOCKS = YES;
				GCC_WARN_64_TO_32_BIT_CONVERSION = YES;
				GCC_WARN_ABOUT_RETURN_TYPE = YES_ERROR;
				GCC_WARN_UNDECLARED_SELECTOR = YES;
				GCC_WARN_UNINITIALIZED_AUTOS = YES_AGGRESSIVE;
				GCC_WARN_UNUSED_FUNCTION = YES;
				GCC_WARN_UNUSED_VARIABLE = YES;
				IPHONEOS_DEPLOYMENT_TARGET = 18.5;
				LOCALIZATION_PREFERS_STRING_CATALOGS = YES;
				MTL_ENABLE_DEBUG_INFO = NO;
				MTL_FAST_MATH = YES;
				SDKROOT = iphoneos;
				STRING_CATALOG_GENERATE_SYMBOLS = YES;
				SWIFT_COMPILATION_MODE = wholemodule;
				VALIDATE_PRODUCT = YES;
			};
			name = Release;
		};
		6FE98C652E33278B0097F0F8 /* Debug */ = {
			isa = XCBuildConfiguration;
			buildSettings = {
				ASSETCATALOG_COMPILER_APPICON_NAME = AppIcon;
				ASSETCATALOG_COMPILER_GLOBAL_ACCENT_COLOR_NAME = AccentColor;
				CLANG_ENABLE_MODULES = YES;
				CODE_SIGN_ENTITLEMENTS = TheEqualizer/TheEqualizer.entitlements;
				CODE_SIGN_STYLE = Automatic;
				CURRENT_PROJECT_VERSION = 4;
				DEVELOPMENT_TEAM = 6VM5W2W65K;
				ENABLE_PREVIEWS = YES;
				GENERATE_INFOPLIST_FILE = YES;
				INFOPLIST_KEY_CFBundleDisplayName = Equalizer;
				INFOPLIST_KEY_LSApplicationCategoryType = "public.app-category.finance";
				INFOPLIST_KEY_UIApplicationSceneManifest_Generation = YES;
				INFOPLIST_KEY_UIApplicationSupportsIndirectInputEvents = YES;
				INFOPLIST_KEY_UILaunchScreen_Generation = YES;
				INFOPLIST_KEY_UISupportedInterfaceOrientations_iPad = "UIInterfaceOrientationPortrait UIInterfaceOrientationPortraitUpsideDown UIInterfaceOrientationLandscapeLeft UIInterfaceOrientationLandscapeRight";
				INFOPLIST_KEY_UISupportedInterfaceOrientations_iPhone = "UIInterfaceOrientationPortrait UIInterfaceOrientationLandscapeLeft UIInterfaceOrientationLandscapeRight";
				IPHONEOS_DEPLOYMENT_TARGET = 17.6;
				LD_RUNPATH_SEARCH_PATHS = (
					"$(inherited)",
					"@executable_path/Frameworks",
				);
				MARKETING_VERSION = 1.3;
				PRODUCT_BUNDLE_IDENTIFIER = com.brownster.TheEqualizer;
				PRODUCT_NAME = "$(TARGET_NAME)";
				SWIFT_EMIT_LOC_STRINGS = YES;
				SWIFT_OPTIMIZATION_LEVEL = "-Onone";
				SWIFT_VERSION = 5.0;
				TARGETED_DEVICE_FAMILY = "1,2";
			};
			name = Debug;
		};
		6FE98C662E33278B0097F0F8 /* Release */ = {
			isa = XCBuildConfiguration;
			buildSettings = {
				ASSETCATALOG_COMPILER_APPICON_NAME = AppIcon;
				ASSETCATALOG_COMPILER_GLOBAL_ACCENT_COLOR_NAME = AccentColor;
				CLANG_ENABLE_MODULES = YES;
				CODE_SIGN_ENTITLEMENTS = TheEqualizer/TheEqualizer.entitlements;
				CODE_SIGN_STYLE = Automatic;
				CURRENT_PROJECT_VERSION = 4;
				DEVELOPMENT_TEAM = 6VM5W2W65K;
				ENABLE_PREVIEWS = YES;
				GENERATE_INFOPLIST_FILE = YES;
				INFOPLIST_KEY_CFBundleDisplayName = Equalizer;
				INFOPLIST_KEY_LSApplicationCategoryType = "public.app-category.finance";
				INFOPLIST_KEY_UIApplicationSceneManifest_Generation = YES;
				INFOPLIST_KEY_UIApplicationSupportsIndirectInputEvents = YES;
				INFOPLIST_KEY_UILaunchScreen_Generation = YES;
				INFOPLIST_KEY_UISupportedInterfaceOrientations_iPad = "UIInterfaceOrientationPortrait UIInterfaceOrientationPortraitUpsideDown UIInterfaceOrientationLandscapeLeft UIInterfaceOrientationLandscapeRight";
				INFOPLIST_KEY_UISupportedInterfaceOrientations_iPhone = "UIInterfaceOrientationPortrait UIInterfaceOrientationLandscapeLeft UIInterfaceOrientationLandscapeRight";
				IPHONEOS_DEPLOYMENT_TARGET = 17.6;
				LD_RUNPATH_SEARCH_PATHS = (
					"$(inherited)",
					"@executable_path/Frameworks",
				);
				MARKETING_VERSION = 1.3;
				PRODUCT_BUNDLE_IDENTIFIER = com.brownster.TheEqualizer;
				PRODUCT_NAME = "$(TARGET_NAME)";
				SWIFT_EMIT_LOC_STRINGS = YES;
				SWIFT_VERSION = 5.0;
				TARGETED_DEVICE_FAMILY = "1,2";
			};
			name = Release;
		};
		6FE98C682E33278B0097F0F8 /* Debug */ = {
			isa = XCBuildConfiguration;
			buildSettings = {
				BUNDLE_LOADER = "$(TEST_HOST)";
				CODE_SIGN_STYLE = Automatic;
				CURRENT_PROJECT_VERSION = 1;
				DEVELOPMENT_TEAM = 959KDL6FWJ;
				GENERATE_INFOPLIST_FILE = YES;
				IPHONEOS_DEPLOYMENT_TARGET = 18.5;
				MARKETING_VERSION = 1.0;
				PRODUCT_BUNDLE_IDENTIFIER = com.brownster.TheEqualizerTests;
				PRODUCT_NAME = "$(TARGET_NAME)";
				SWIFT_EMIT_LOC_STRINGS = NO;
				SWIFT_VERSION = 5.0;
				TARGETED_DEVICE_FAMILY = "1,2";
				TEST_HOST = "$(BUILT_PRODUCTS_DIR)/TheEqualizer.app/$(BUNDLE_EXECUTABLE_FOLDER_PATH)/TheEqualizer";
			};
			name = Debug;
		};
		6FE98C692E33278B0097F0F8 /* Release */ = {
			isa = XCBuildConfiguration;
			buildSettings = {
				BUNDLE_LOADER = "$(TEST_HOST)";
				CODE_SIGN_STYLE = Automatic;
				CURRENT_PROJECT_VERSION = 1;
				DEVELOPMENT_TEAM = 959KDL6FWJ;
				GENERATE_INFOPLIST_FILE = YES;
				IPHONEOS_DEPLOYMENT_TARGET = 18.5;
				MARKETING_VERSION = 1.0;
				PRODUCT_BUNDLE_IDENTIFIER = com.brownster.TheEqualizerTests;
				PRODUCT_NAME = "$(TARGET_NAME)";
				SWIFT_EMIT_LOC_STRINGS = NO;
				SWIFT_VERSION = 5.0;
				TARGETED_DEVICE_FAMILY = "1,2";
				TEST_HOST = "$(BUILT_PRODUCTS_DIR)/TheEqualizer.app/$(BUNDLE_EXECUTABLE_FOLDER_PATH)/TheEqualizer";
			};
			name = Release;
		};
		6FE98C6B2E33278B0097F0F8 /* Debug */ = {
			isa = XCBuildConfiguration;
			buildSettings = {
				CODE_SIGN_STYLE = Automatic;
				CURRENT_PROJECT_VERSION = 1;
				DEVELOPMENT_TEAM = 959KDL6FWJ;
				GENERATE_INFOPLIST_FILE = YES;
				MARKETING_VERSION = 1.0;
				PRODUCT_BUNDLE_IDENTIFIER = com.brownster.TheEqualizerUITests;
				PRODUCT_NAME = "$(TARGET_NAME)";
				SWIFT_EMIT_LOC_STRINGS = NO;
				SWIFT_VERSION = 5.0;
				TARGETED_DEVICE_FAMILY = "1,2";
				TEST_TARGET_NAME = TheEqualizer;
			};
			name = Debug;
		};
		6FE98C6C2E33278B0097F0F8 /* Release */ = {
			isa = XCBuildConfiguration;
			buildSettings = {
				CODE_SIGN_STYLE = Automatic;
				CURRENT_PROJECT_VERSION = 1;
				DEVELOPMENT_TEAM = 959KDL6FWJ;
				GENERATE_INFOPLIST_FILE = YES;
				MARKETING_VERSION = 1.0;
				PRODUCT_BUNDLE_IDENTIFIER = com.brownster.TheEqualizerUITests;
				PRODUCT_NAME = "$(TARGET_NAME)";
				SWIFT_EMIT_LOC_STRINGS = NO;
				SWIFT_VERSION = 5.0;
				TARGETED_DEVICE_FAMILY = "1,2";
				TEST_TARGET_NAME = TheEqualizer;
			};
			name = Release;
		};
/* End XCBuildConfiguration section */

/* Begin XCConfigurationList section */
		6FE98C3E2E33278A0097F0F8 /* Build configuration list for PBXProject "TheEqualizer" */ = {
			isa = XCConfigurationList;
			buildConfigurations = (
				6FE98C622E33278B0097F0F8 /* Debug */,
				6FE98C632E33278B0097F0F8 /* Release */,
			);
			defaultConfigurationIsVisible = 0;
			defaultConfigurationName = Release;
		};
		6FE98C642E33278B0097F0F8 /* Build configuration list for PBXNativeTarget "TheEqualizer" */ = {
			isa = XCConfigurationList;
			buildConfigurations = (
				6FE98C652E33278B0097F0F8 /* Debug */,
				6FE98C662E33278B0097F0F8 /* Release */,
			);
			defaultConfigurationIsVisible = 0;
			defaultConfigurationName = Release;
		};
		6FE98C672E33278B0097F0F8 /* Build configuration list for PBXNativeTarget "TheEqualizerTests" */ = {
			isa = XCConfigurationList;
			buildConfigurations = (
				6FE98C682E33278B0097F0F8 /* Debug */,
				6FE98C692E33278B0097F0F8 /* Release */,
			);
			defaultConfigurationIsVisible = 0;
			defaultConfigurationName = Release;
		};
		6FE98C6A2E33278B0097F0F8 /* Build configuration list for PBXNativeTarget "TheEqualizerUITests" */ = {
			isa = XCConfigurationList;
			buildConfigurations = (
				6FE98C6B2E33278B0097F0F8 /* Debug */,
				6FE98C6C2E33278B0097F0F8 /* Release */,
			);
			defaultConfigurationIsVisible = 0;
			defaultConfigurationName = Release;
		};
/* End XCConfigurationList section */

/* Begin XCRemoteSwiftPackageReference section */
		6FE98CDA2E3B1D750097F0F8 /* XCRemoteSwiftPackageReference "firebase-ios-sdk" */ = {
			isa = XCRemoteSwiftPackageReference;
			repositoryURL = "https://github.com/firebase/firebase-ios-sdk";
			requirement = {
				kind = upToNextMajorVersion;
				minimumVersion = 12.0.0;
			};
		};
/* End XCRemoteSwiftPackageReference section */

/* Begin XCSwiftPackageProductDependency section */
		6FE98CDB2E3B1D750097F0F8 /* FirebaseAuth */ = {
			isa = XCSwiftPackageProductDependency;
			package = 6FE98CDA2E3B1D750097F0F8 /* XCRemoteSwiftPackageReference "firebase-ios-sdk" */;
			productName = FirebaseAuth;
		};
		6FE98CDD2E3B1D750097F0F8 /* FirebaseFirestore */ = {
			isa = XCSwiftPackageProductDependency;
			package = 6FE98CDA2E3B1D750097F0F8 /* XCRemoteSwiftPackageReference "firebase-ios-sdk" */;
			productName = FirebaseFirestore;
		};
/* End XCSwiftPackageProductDependency section */
	};
	rootObject = 6FE98C3B2E33278A0097F0F8 /* Project object */;
}
